
Microsoft Visual Studio Solution File, Format Version 12.00
# Visual Studio 2012
Project("{E24C65DC-7377-472B-9ABA-BC803B73C61A}") = "cutenotes", ".", "{9B636E2F-7243-4E0C-A09F-8EBB022B91F9}"
	ProjectSection(WebsiteProperties) = preProject
		TargetFrameworkMoniker = ".NETFramework,Version%3Dv4.5"
		Debug.AspNetCompiler.VirtualPath = "/cutenotes"
		Debug.AspNetCompiler.PhysicalPath = "D:\projects\cutenotes\"
		Debug.AspNetCompiler.TargetPath = "PrecompiledWeb\cutenotes\"
		Debug.AspNetCompiler.Updateable = "true"
		Debug.AspNetCompiler.ForceOverwrite = "true"
		Debug.AspNetCompiler.FixedNames = "false"
		Debug.AspNetCompiler.Debug = "True"
		Release.AspNetCompiler.VirtualPath = "/cutenotes"
		Release.AspNetCompiler.PhysicalPath = "D:\projects\cutenotes\"
		Release.AspNetCompiler.TargetPath = "PrecompiledWeb\cutenotes\"
		Release.AspNetCompiler.Updateable = "true"
		Release.AspNetCompiler.ForceOverwrite = "true"
		Release.AspNetCompiler.FixedNames = "false"
		Release.AspNetCompiler.Debug = "False"
		VWDPort = "31371"
	EndProjectSection
EndProject
Global
	GlobalSection(SolutionConfigurationPlatforms) = preSolution
		Debug|Any CPU = Debug|Any CPU
	EndGlobalSection
	GlobalSection(ProjectConfigurationPlatforms) = postSolution
		{9B636E2F-7243-4E0C-A09F-8EBB022B91F9}.Debug|Any CPU.ActiveCfg = Debug|Any CPU
		{9B636E2F-7243-4E0C-A09F-8EBB022B91F9}.Debug|Any CPU.Build.0 = Debug|Any CPU
	EndGlobalSection
	GlobalSection(SolutionProperties) = preSolution
		HideSolutionNode = FALSE
	EndGlobalSection
EndGlobal
